Microsoft Visual Studio Solution File, Format Version 12.00
# Visual Studio Version 17
VisualStudioVersion = 17.5.2.0
MinimumVisualStudioVersion = 10.0.40219.1
Project("{FAE04EC0-301F-11D3-BF4B-00C04F79EFBC}") = "EvCharging", "EvCharging.csproj", "{83068602-96FA-DD98-657C-1A43485BCE03}"
EndProject
Global
	GlobalSection(SolutionConfigurationPlatforms) = preSolution
		Debug|Any CPU = Debug|Any CPU
		Release|Any CPU = Release|Any CPU
	EndGlobalSection
	GlobalSection(ProjectConfigurationPlatforms) = postSolution
		{83068602-96FA-DD98-657C-1A43485BCE03}.Debug|Any CPU.ActiveCfg = Debug|Any CPU
		{83068602-96FA-DD98-657C-1A43485BCE03}.Debug|Any CPU.Build.0 = Debug|Any CPU
		{83068602-96FA-DD98-657C-1A43485BCE03}.Release|Any CPU.ActiveCfg = Release|Any CPU
		{83068602-96FA-DD98-657C-1A43485BCE03}.Release|Any CPU.Build.0 = Release|Any CPU
	EndGlobalSection
	GlobalSection(SolutionProperties) = preSolution
		HideSolutionNode = FALSE
	EndGlobalSection
	GlobalSection(ExtensibilityGlobals) = postSolution
		SolutionGuid = {575438CF-2364-411A-A3A5-837AA3E9F7CA}
	EndGlobalSection
EndGlobal
